{
  "requires": true,
  "lockfileVersion": 1,
  "dependencies": {
    "express-rate-limit": {
      "version": "5.2.3",
      "resolved": "https://registry.npmjs.org/express-rate-limit/-/express-rate-limit-5.2.3.tgz",
      "integrity": "sha512-cjQH+oDrEPXxc569XvxhHC6QXqJiuBT6BhZ70X3bdAImcnHnTNMVuMAJaT0TXPoRiEErUrVPRcOTpZpM36VbOQ=="
    }
  }
}
